
Microsoft Visual Studio Solution File, Format Version 12.00
# Visual Studio Version 16
VisualStudioVersion = 16.0.31410.357
MinimumVisualStudioVersion = 10.0.40219.1
Project("{9A19103F-16F7-4668-BE54-9A1E7A4F7556}") = "BuscaComic.Core", "BuscaComic.Core\BuscaComic.Core.csproj", "{C265ED6B-F47B-484E-8DAB-DDA0E68F8C19}"
EndProject
Project("{FAE04EC0-301F-11D3-BF4B-00C04F79EFBC}") = "BuscaComic.Droid", "BuscaComic.Droid\BuscaComic.Droid.csproj", "{43DD62B8-14BC-472F-B777-B308F70147D7}"
EndProject
Project("{FAE04EC0-301F-11D3-BF4B-00C04F79EFBC}") = "BuscaComic.iOS", "BuscaComic.iOS\BuscaComic.iOS.csproj", "{27705EA0-3A0E-4AE2-97A6-4FA4F887D33A}"
EndProject
Project("{FAE04EC0-301F-11D3-BF4B-00C04F79EFBC}") = "BuscaComic.Test", "BuscaComic.Test\BuscaComic.Test.csproj", "{5E22ECD1-CC2C-4DD4-B5F8-3383750C59F0}"
EndProject
Global
	GlobalSection(SolutionConfigurationPlatforms) = preSolution
		Debug|Any CPU = Debug|Any CPU
		Debug|iPhone = Debug|iPhone
		Debug|iPhoneSimulator = Debug|iPhoneSimulator
		Release|Any CPU = Release|Any CPU
		Release|iPhone = Release|iPhone
		Release|iPhoneSimulator = Release|iPhoneSimulator
	EndGlobalSection
	GlobalSection(ProjectConfigurationPlatforms) = postSolution
		{C265ED6B-F47B-484E-8DAB-DDA0E68F8C19}.Debug|Any CPU.ActiveCfg = Debug|Any CPU
		{C265ED6B-F47B-484E-8DAB-DDA0E68F8C19}.Debug|Any CPU.Build.0 = Debug|Any CPU
		{C265ED6B-F47B-484E-8DAB-DDA0E68F8C19}.Debug|iPhone.ActiveCfg = Debug|Any CPU
		{C265ED6B-F47B-484E-8DAB-DDA0E68F8C19}.Debug|iPhone.Build.0 = Debug|Any CPU
		{C265ED6B-F47B-484E-8DAB-DDA0E68F8C19}.Debug|iPhoneSimulator.ActiveCfg = Debug|Any CPU
		{C265ED6B-F47B-484E-8DAB-DDA0E68F8C19}.Debug|iPhoneSimulator.Build.0 = Debug|Any CPU
		{C265ED6B-F47B-484E-8DAB-DDA0E68F8C19}.Release|Any CPU.ActiveCfg = Release|Any CPU
		{C265ED6B-F47B-484E-8DAB-DDA0E68F8C19}.Release|Any CPU.Build.0 = Release|Any CPU
		{C265ED6B-F47B-484E-8DAB-DDA0E68F8C19}.Release|iPhone.ActiveCfg = Release|Any CPU
		{C265ED6B-F47B-484E-8DAB-DDA0E68F8C19}.Release|iPhone.Build.0 = Release|Any CPU
		{C265ED6B-F47B-484E-8DAB-DDA0E68F8C19}.Release|iPhoneSimulator.ActiveCfg = Release|Any CPU
		{C265ED6B-F47B-484E-8DAB-DDA0E68F8C19}.Release|iPhoneSimulator.Build.0 = Release|Any CPU
		{43DD62B8-14BC-472F-B777-B308F70147D7}.Debug|Any CPU.ActiveCfg = Debug|Any CPU
		{43DD62B8-14BC-472F-B777-B308F70147D7}.Debug|Any CPU.Build.0 = Debug|Any CPU
		{43DD62B8-14BC-472F-B777-B308F70147D7}.Debug|Any CPU.Deploy.0 = Debug|Any CPU
		{43DD62B8-14BC-472F-B777-B308F70147D7}.Debug|iPhone.ActiveCfg = Debug|Any CPU
		{43DD62B8-14BC-472F-B777-B308F70147D7}.Debug|iPhone.Build.0 = Debug|Any CPU
		{43DD62B8-14BC-472F-B777-B308F70147D7}.Debug|iPhone.Deploy.0 = Debug|Any CPU
		{43DD62B8-14BC-472F-B777-B308F70147D7}.Debug|iPhoneSimulator.ActiveCfg = Debug|Any CPU
		{43DD62B8-14BC-472F-B777-B308F70147D7}.Debug|iPhoneSimulator.Build.0 = Debug|Any CPU
		{43DD62B8-14BC-472F-B777-B308F70147D7}.Debug|iPhoneSimulator.Deploy.0 = Debug|Any CPU
		{43DD62B8-14BC-472F-B777-B308F70147D7}.Release|Any CPU.ActiveCfg = Release|Any CPU
		{43DD62B8-14BC-472F-B777-B308F70147D7}.Release|Any CPU.Build.0 = Release|Any CPU
		{43DD62B8-14BC-472F-B777-B308F70147D7}.Release|Any CPU.Deploy.0 = Release|Any CPU
		{43DD62B8-14BC-472F-B777-B308F70147D7}.Release|iPhone.ActiveCfg = Release|Any CPU
		{43DD62B8-14BC-472F-B777-B308F70147D7}.Release|iPhone.Build.0 = Release|Any CPU
		{43DD62B8-14BC-472F-B777-B308F70147D7}.Release|iPhone.Deploy.0 = Release|Any CPU
		{43DD62B8-14BC-472F-B777-B308F70147D7}.Release|iPhoneSimulator.ActiveCfg = Release|Any CPU
		{43DD62B8-14BC-472F-B777-B308F70147D7}.Release|iPhoneSimulator.Build.0 = Release|Any CPU
		{43DD62B8-14BC-472F-B777-B308F70147D7}.Release|iPhoneSimulator.Deploy.0 = Release|Any CPU
		{27705EA0-3A0E-4AE2-97A6-4FA4F887D33A}.Debug|Any CPU.ActiveCfg = Debug|iPhoneSimulator
		{27705EA0-3A0E-4AE2-97A6-4FA4F887D33A}.Debug|iPhone.ActiveCfg = Debug|iPhone
		{27705EA0-3A0E-4AE2-97A6-4FA4F887D33A}.Debug|iPhone.Build.0 = Debug|iPhone
		{27705EA0-3A0E-4AE2-97A6-4FA4F887D33A}.Debug|iPhoneSimulator.ActiveCfg = Debug|iPhoneSimulator
		{27705EA0-3A0E-4AE2-97A6-4FA4F887D33A}.Debug|iPhoneSimulator.Build.0 = Debug|iPhoneSimulator
		{27705EA0-3A0E-4AE2-97A6-4FA4F887D33A}.Release|Any CPU.ActiveCfg = Release|iPhoneSimulator
		{27705EA0-3A0E-4AE2-97A6-4FA4F887D33A}.Release|iPhone.ActiveCfg = Release|iPhone
		{27705EA0-3A0E-4AE2-97A6-4FA4F887D33A}.Release|iPhone.Build.0 = Release|iPhone
		{27705EA0-3A0E-4AE2-97A6-4FA4F887D33A}.Release|iPhoneSimulator.ActiveCfg = Release|iPhoneSimulator
		{27705EA0-3A0E-4AE2-97A6-4FA4F887D33A}.Release|iPhoneSimulator.Build.0 = Release|iPhoneSimulator
		{5E22ECD1-CC2C-4DD4-B5F8-3383750C59F0}.Debug|Any CPU.ActiveCfg = Debug|Any CPU
		{5E22ECD1-CC2C-4DD4-B5F8-3383750C59F0}.Debug|Any CPU.Build.0 = Debug|Any CPU
		{5E22ECD1-CC2C-4DD4-B5F8-3383750C59F0}.Debug|iPhone.ActiveCfg = Debug|Any CPU
		{5E22ECD1-CC2C-4DD4-B5F8-3383750C59F0}.Debug|iPhone.Build.0 = Debug|Any CPU
		{5E22ECD1-CC2C-4DD4-B5F8-3383750C59F0}.Debug|iPhoneSimulator.ActiveCfg = Debug|Any CPU
		{5E22ECD1-CC2C-4DD4-B5F8-3383750C59F0}.Debug|iPhoneSimulator.Build.0 = Debug|Any CPU
		{5E22ECD1-CC2C-4DD4-B5F8-3383750C59F0}.Release|Any CPU.ActiveCfg = Release|Any CPU
		{5E22ECD1-CC2C-4DD4-B5F8-3383750C59F0}.Release|Any CPU.Build.0 = Release|Any CPU
		{5E22ECD1-CC2C-4DD4-B5F8-3383750C59F0}.Release|iPhone.ActiveCfg = Release|Any CPU
		{5E22ECD1-CC2C-4DD4-B5F8-3383750C59F0}.Release|iPhone.Build.0 = Release|Any CPU
		{5E22ECD1-CC2C-4DD4-B5F8-3383750C59F0}.Release|iPhoneSimulator.ActiveCfg = Release|Any CPU
		{5E22ECD1-CC2C-4DD4-B5F8-3383750C59F0}.Release|iPhoneSimulator.Build.0 = Release|Any CPU
	EndGlobalSection
	GlobalSection(SolutionProperties) = preSolution
		HideSolutionNode = FALSE
	EndGlobalSection
	GlobalSection(ExtensibilityGlobals) = postSolution
		SolutionGuid = {374CBACC-7788-4938-9418-2DC24421D7AC}
	EndGlobalSection
EndGlobal
